
Microsoft Visual Studio Solution File, Format Version 12.00
# Visual Studio Version 17
VisualStudioVersion = 17.1.32120.378
MinimumVisualStudioVersion = 10.0.40219.1
Project("{9A19103F-16F7-4668-BE54-9A1E7A4F7556}") = "BlazorExcelExport", "Blazor-Excel-export\BlazorExcelExport.csproj", "{E6A4E392-39A5-476F-8F5B-BA2D6FEAD693}"
EndProject
Global
	GlobalSection(SolutionConfigurationPlatforms) = preSolution
		Debug|Any CPU = Debug|Any CPU
		Release|Any CPU = Release|Any CPU
	EndGlobalSection
	GlobalSection(ProjectConfigurationPlatforms) = postSolution
		{E6A4E392-39A5-476F-8F5B-BA2D6FEAD693}.Debug|Any CPU.ActiveCfg = Debug|Any CPU
		{E6A4E392-39A5-476F-8F5B-BA2D6FEAD693}.Debug|Any CPU.Build.0 = Debug|Any CPU
		{E6A4E392-39A5-476F-8F5B-BA2D6FEAD693}.Release|Any CPU.ActiveCfg = Release|Any CPU
		{E6A4E392-39A5-476F-8F5B-BA2D6FEAD693}.Release|Any CPU.Build.0 = Release|Any CPU
	EndGlobalSection
	GlobalSection(SolutionProperties) = preSolution
		HideSolutionNode = FALSE
	EndGlobalSection
	GlobalSection(ExtensibilityGlobals) = postSolution
		SolutionGuid = {5C5DE5A0-BF56-4E5C-87BA-57080E7FFCE6}
	EndGlobalSection
EndGlobal
